// !$*UTF8*$!
{
	archiveVersion = 1;
	classes = {
	};
	objectVersion = 46;
	objects = {

/* Begin PBXBuildFile section */
		7D117E2E1EC2968400DBDC4C /* CustomTextField.swift in Sources */ = {isa = PBXBuildFile; fileRef = 7D117E2D1EC2968400DBDC4C /* CustomTextField.swift */; };
		7D117E331EC2995C00DBDC4C /* WelcomeTutorialViewController.swift in Sources */ = {isa = PBXBuildFile; fileRef = 7D117E301EC2995C00DBDC4C /* WelcomeTutorialViewController.swift */; };
		7D117E341EC2995C00DBDC4C /* BeginViewController.swift in Sources */ = {isa = PBXBuildFile; fileRef = 7D117E311EC2995C00DBDC4C /* BeginViewController.swift */; };
		7D117E351EC2995C00DBDC4C /* LoginViewController.swift in Sources */ = {isa = PBXBuildFile; fileRef = 7D117E321EC2995C00DBDC4C /* LoginViewController.swift */; };
		7D117E3A1EC2A3C400DBDC4C /* COLLEGIA.otf in Resources */ = {isa = PBXBuildFile; fileRef = 7D117E381EC2A3C400DBDC4C /* COLLEGIA.otf */; };
		7D117E3B1EC2A3C400DBDC4C /* COLLEGIA.ttf in Resources */ = {isa = PBXBuildFile; fileRef = 7D117E391EC2A3C400DBDC4C /* COLLEGIA.ttf */; };
		7D117E3D1EC2AE4300DBDC4C /* NetworkController.swift in Sources */ = {isa = PBXBuildFile; fileRef = 7D117E3C1EC2AE4300DBDC4C /* NetworkController.swift */; };
		7D32717B1EC3366900DC373B /* KeychainItemAccessibility.swift in Sources */ = {isa = PBXBuildFile; fileRef = 7D3271791EC3366900DC373B /* KeychainItemAccessibility.swift */; };
		7D32717C1EC3366900DC373B /* KeychainWrapper.swift in Sources */ = {isa = PBXBuildFile; fileRef = 7D32717A1EC3366900DC373B /* KeychainWrapper.swift */; };
		7D3271801EC33B1D00DC373B /* Alert.swift in Sources */ = {isa = PBXBuildFile; fileRef = 7D32717E1EC33B1D00DC373B /* Alert.swift */; };
		7D49B0D11EC2877F00D22A66 /* AppDelegate.swift in Sources */ = {isa = PBXBuildFile; fileRef = 7D49B0D01EC2877F00D22A66 /* AppDelegate.swift */; };
		7D49B0D31EC2877F00D22A66 /* ViewController.swift in Sources */ = {isa = PBXBuildFile; fileRef = 7D49B0D21EC2877F00D22A66 /* ViewController.swift */; };
		7D49B0D61EC2877F00D22A66 /* Main.storyboard in Resources */ = {isa = PBXBuildFile; fileRef = 7D49B0D41EC2877F00D22A66 /* Main.storyboard */; };
		7D49B0D91EC2878000D22A66 /* GistCommenter.xcdatamodeld in Sources */ = {isa = PBXBuildFile; fileRef = 7D49B0D71EC2878000D22A66 /* GistCommenter.xcdatamodeld */; };
		7D49B0DB1EC2878000D22A66 /* Assets.xcassets in Resources */ = {isa = PBXBuildFile; fileRef = 7D49B0DA1EC2878000D22A66 /* Assets.xcassets */; };
		7D49B0DE1EC2878000D22A66 /* LaunchScreen.storyboard in Resources */ = {isa = PBXBuildFile; fileRef = 7D49B0DC1EC2878000D22A66 /* LaunchScreen.storyboard */; };
		7D49B0E91EC2878000D22A66 /* GistCommenterTests.swift in Sources */ = {isa = PBXBuildFile; fileRef = 7D49B0E81EC2878000D22A66 /* GistCommenterTests.swift */; };
		7D49B0F41EC2878000D22A66 /* GistCommenterUITests.swift in Sources */ = {isa = PBXBuildFile; fileRef = 7D49B0F31EC2878000D22A66 /* GistCommenterUITests.swift */; };
		7D49B1071EC288E000D22A66 /* MobileCoreServices.framework in Frameworks */ = {isa = PBXBuildFile; fileRef = 7D49B1061EC288E000D22A66 /* MobileCoreServices.framework */; };
		7D49B1091EC2895D00D22A66 /* NetworkRequest.swift in Sources */ = {isa = PBXBuildFile; fileRef = 7D49B1081EC2895D00D22A66 /* NetworkRequest.swift */; };
		7D49B10B1EC2906D00D22A66 /* AuthenticationRequest.swift in Sources */ = {isa = PBXBuildFile; fileRef = 7D49B10A1EC2906D00D22A66 /* AuthenticationRequest.swift */; };
		7D52094E1EC33D7B00637685 /* AVFoundation.framework in Frameworks */ = {isa = PBXBuildFile; fileRef = 7D52094D1EC33D7B00637685 /* AVFoundation.framework */; };
/* End PBXBuildFile section */

/* Begin PBXContainerItemProxy section */
		7D49B0E51EC2878000D22A66 /* PBXContainerItemProxy */ = {
			isa = PBXContainerItemProxy;
			containerPortal = 7D49B0C51EC2877F00D22A66 /* Project object */;
			proxyType = 1;
			remoteGlobalIDString = 7D49B0CC1EC2877F00D22A66;
			remoteInfo = GistCommenter;
		};
		7D49B0F01EC2878000D22A66 /* PBXContainerItemProxy */ = {
			isa = PBXContainerItemProxy;
			containerPortal = 7D49B0C51EC2877F00D22A66 /* Project object */;
			proxyType = 1;
			remoteGlobalIDString = 7D49B0CC1EC2877F00D22A66;
			remoteInfo = GistCommenter;
		};
/* End PBXContainerItemProxy section */

/* Begin PBXFileReference section */
		7D117E2D1EC2968400DBDC4C /* CustomTextField.swift */ = {isa = PBXFileReference; fileEncoding = 4; lastKnownFileType = sourcecode.swift; path = CustomTextField.swift; sourceTree = "<group>"; };
		7D117E301EC2995C00DBDC4C /* WelcomeTutorialViewController.swift */ = {isa = PBXFileReference; fileEncoding = 4; lastKnownFileType = sourcecode.swift; path = WelcomeTutorialViewController.swift; sourceTree = "<group>"; };
		7D117E311EC2995C00DBDC4C /* BeginViewController.swift */ = {isa = PBXFileReference; fileEncoding = 4; lastKnownFileType = sourcecode.swift; path = BeginViewController.swift; sourceTree = "<group>"; };
		7D117E321EC2995C00DBDC4C /* LoginViewController.swift */ = {isa = PBXFileReference; fileEncoding = 4; lastKnownFileType = sourcecode.swift; path = LoginViewController.swift; sourceTree = "<group>"; };
		7D117E381EC2A3C400DBDC4C /* COLLEGIA.otf */ = {isa = PBXFileReference; lastKnownFileType = file; path = COLLEGIA.otf; sourceTree = "<group>"; };
		7D117E391EC2A3C400DBDC4C /* COLLEGIA.ttf */ = {isa = PBXFileReference; lastKnownFileType = file; path = COLLEGIA.ttf; sourceTree = "<group>"; };
		7D117E3C1EC2AE4300DBDC4C /* NetworkController.swift */ = {isa = PBXFileReference; fileEncoding = 4; lastKnownFileType = sourcecode.swift; path = NetworkController.swift; sourceTree = "<group>"; };
		7D3271791EC3366900DC373B /* KeychainItemAccessibility.swift */ = {isa = PBXFileReference; fileEncoding = 4; lastKnownFileType = sourcecode.swift; path = KeychainItemAccessibility.swift; sourceTree = "<group>"; };
		7D32717A1EC3366900DC373B /* KeychainWrapper.swift */ = {isa = PBXFileReference; fileEncoding = 4; lastKnownFileType = sourcecode.swift; path = KeychainWrapper.swift; sourceTree = "<group>"; };
		7D32717E1EC33B1D00DC373B /* Alert.swift */ = {isa = PBXFileReference; fileEncoding = 4; lastKnownFileType = sourcecode.swift; path = Alert.swift; sourceTree = "<group>"; };
		7D49B0CD1EC2877F00D22A66 /* GistCommenter.app */ = {isa = PBXFileReference; explicitFileType = wrapper.application; includeInIndex = 0; path = GistCommenter.app; sourceTree = BUILT_PRODUCTS_DIR; };
		7D49B0D01EC2877F00D22A66 /* AppDelegate.swift */ = {isa = PBXFileReference; lastKnownFileType = sourcecode.swift; path = AppDelegate.swift; sourceTree = "<group>"; };
		7D49B0D21EC2877F00D22A66 /* ViewController.swift */ = {isa = PBXFileReference; lastKnownFileType = sourcecode.swift; path = ViewController.swift; sourceTree = "<group>"; };
		7D49B0D51EC2877F00D22A66 /* Base */ = {isa = PBXFileReference; lastKnownFileType = file.storyboard; name = Base; path = Base.lproj/Main.storyboard; sourceTree = "<group>"; };
		7D49B0D81EC2878000D22A66 /* GistCommenter.xcdatamodel */ = {isa = PBXFileReference; lastKnownFileType = wrapper.xcdatamodel; path = GistCommenter.xcdatamodel; sourceTree = "<group>"; };
		7D49B0DA1EC2878000D22A66 /* Assets.xcassets */ = {isa = PBXFileReference; lastKnownFileType = folder.assetcatalog; path = Assets.xcassets; sourceTree = "<group>"; };
		7D49B0DD1EC2878000D22A66 /* Base */ = {isa = PBXFileReference; lastKnownFileType = file.storyboard; name = Base; path = Base.lproj/LaunchScreen.storyboard; sourceTree = "<group>"; };
		7D49B0DF1EC2878000D22A66 /* Info.plist */ = {isa = PBXFileReference; lastKnownFileType = text.plist.xml; path = Info.plist; sourceTree = "<group>"; };
		7D49B0E41EC2878000D22A66 /* GistCommenterTests.xctest */ = {isa = PBXFileReference; explicitFileType = wrapper.cfbundle; includeInIndex = 0; path = GistCommenterTests.xctest; sourceTree = BUILT_PRODUCTS_DIR; };
		7D49B0E81EC2878000D22A66 /* GistCommenterTests.swift */ = {isa = PBXFileReference; lastKnownFileType = sourcecode.swift; path = GistCommenterTests.swift; sourceTree = "<group>"; };
		7D49B0EA1EC2878000D22A66 /* Info.plist */ = {isa = PBXFileReference; lastKnownFileType = text.plist.xml; path = Info.plist; sourceTree = "<group>"; };
		7D49B0EF1EC2878000D22A66 /* GistCommenterUITests.xctest */ = {isa = PBXFileReference; explicitFileType = wrapper.cfbundle; includeInIndex = 0; path = GistCommenterUITests.xctest; sourceTree = BUILT_PRODUCTS_DIR; };
		7D49B0F31EC2878000D22A66 /* GistCommenterUITests.swift */ = {isa = PBXFileReference; lastKnownFileType = sourcecode.swift; path = GistCommenterUITests.swift; sourceTree = "<group>"; };
		7D49B0F51EC2878000D22A66 /* Info.plist */ = {isa = PBXFileReference; lastKnownFileType = text.plist.xml; path = Info.plist; sourceTree = "<group>"; };
		7D49B1041EC2885D00D22A66 /* GistCommenter.entitlements */ = {isa = PBXFileReference; lastKnownFileType = text.plist.entitlements; path = GistCommenter.entitlements; sourceTree = "<group>"; };
		7D49B1061EC288E000D22A66 /* MobileCoreServices.framework */ = {isa = PBXFileReference; lastKnownFileType = wrapper.framework; name = MobileCoreServices.framework; path = System/Library/Frameworks/MobileCoreServices.framework; sourceTree = SDKROOT; };
		7D49B1081EC2895D00D22A66 /* NetworkRequest.swift */ = {isa = PBXFileReference; fileEncoding = 4; lastKnownFileType = sourcecode.swift; path = NetworkRequest.swift; sourceTree = "<group>"; };
		7D49B10A1EC2906D00D22A66 /* AuthenticationRequest.swift */ = {isa = PBXFileReference; fileEncoding = 4; lastKnownFileType = sourcecode.swift; path = AuthenticationRequest.swift; sourceTree = "<group>"; };
		7D52094D1EC33D7B00637685 /* AVFoundation.framework */ = {isa = PBXFileReference; lastKnownFileType = wrapper.framework; name = AVFoundation.framework; path = System/Library/Frameworks/AVFoundation.framework; sourceTree = SDKROOT; };
/* End PBXFileReference section */

/* Begin PBXFrameworksBuildPhase section */
		7D49B0CA1EC2877F00D22A66 /* Frameworks */ = {
			isa = PBXFrameworksBuildPhase;
			buildActionMask = 2147483647;
			files = (
				7D52094E1EC33D7B00637685 /* AVFoundation.framework in Frameworks */,
				7D49B1071EC288E000D22A66 /* MobileCoreServices.framework in Frameworks */,
			);
			runOnlyForDeploymentPostprocessing = 0;
		};
		7D49B0E11EC2878000D22A66 /* Frameworks */ = {
			isa = PBXFrameworksBuildPhase;
			buildActionMask = 2147483647;
			files = (
			);
			runOnlyForDeploymentPostprocessing = 0;
		};
		7D49B0EC1EC2878000D22A66 /* Frameworks */ = {
			isa = PBXFrameworksBuildPhase;
			buildActionMask = 2147483647;
			files = (
			);
			runOnlyForDeploymentPostprocessing = 0;
		};
/* End PBXFrameworksBuildPhase section */

/* Begin PBXGroup section */
		7D117E2F1EC296B400DBDC4C /* UTILS */ = {
			isa = PBXGroup;
			children = (
				7D32717E1EC33B1D00DC373B /* Alert.swift */,
				7D3271791EC3366900DC373B /* KeychainItemAccessibility.swift */,
				7D32717A1EC3366900DC373B /* KeychainWrapper.swift */,
				7D117E2D1EC2968400DBDC4C /* CustomTextField.swift */,
			);
			name = UTILS;
			sourceTree = "<group>";
		};
		7D117E361EC299E400DBDC4C /* View Controllers */ = {
			isa = PBXGroup;
			children = (
				7D117E301EC2995C00DBDC4C /* WelcomeTutorialViewController.swift */,
				7D117E311EC2995C00DBDC4C /* BeginViewController.swift */,
				7D117E321EC2995C00DBDC4C /* LoginViewController.swift */,
				7D49B0D21EC2877F00D22A66 /* ViewController.swift */,
			);
			name = "View Controllers";
			sourceTree = "<group>";
		};
		7D117E371EC2A39700DBDC4C /* Resources */ = {
			isa = PBXGroup;
			children = (
				7D117E381EC2A3C400DBDC4C /* COLLEGIA.otf */,
				7D117E391EC2A3C400DBDC4C /* COLLEGIA.ttf */,
			);
			name = Resources;
			sourceTree = "<group>";
		};
		7D49B0C41EC2877F00D22A66 = {
			isa = PBXGroup;
			children = (
				7D49B0CF1EC2877F00D22A66 /* GistCommenter */,
				7D49B0E71EC2878000D22A66 /* GistCommenterTests */,
				7D49B0F21EC2878000D22A66 /* GistCommenterUITests */,
				7D49B0CE1EC2877F00D22A66 /* Products */,
				7D49B1051EC288E000D22A66 /* Frameworks */,
			);
			sourceTree = "<group>";
		};
		7D49B0CE1EC2877F00D22A66 /* Products */ = {
			isa = PBXGroup;
			children = (
				7D49B0CD1EC2877F00D22A66 /* GistCommenter.app */,
				7D49B0E41EC2878000D22A66 /* GistCommenterTests.xctest */,
				7D49B0EF1EC2878000D22A66 /* GistCommenterUITests.xctest */,
			);
			name = Products;
			sourceTree = "<group>";
		};
		7D49B0CF1EC2877F00D22A66 /* GistCommenter */ = {
			isa = PBXGroup;
			children = (
				7D49B1041EC2885D00D22A66 /* GistCommenter.entitlements */,
				7D49B0D01EC2877F00D22A66 /* AppDelegate.swift */,
				7D117E2F1EC296B400DBDC4C /* UTILS */,
				7D117E371EC2A39700DBDC4C /* Resources */,
				7D49B1011EC287E500D22A66 /* Network */,
				7D117E361EC299E400DBDC4C /* View Controllers */,
				7D49B0D41EC2877F00D22A66 /* Main.storyboard */,
				7D49B0DA1EC2878000D22A66 /* Assets.xcassets */,
				7D49B0DC1EC2878000D22A66 /* LaunchScreen.storyboard */,
				7D49B0DF1EC2878000D22A66 /* Info.plist */,
				7D49B0D71EC2878000D22A66 /* GistCommenter.xcdatamodeld */,
			);
			path = GistCommenter;
			sourceTree = "<group>";
		};
		7D49B0E71EC2878000D22A66 /* GistCommenterTests */ = {
			isa = PBXGroup;
			children = (
				7D49B0E81EC2878000D22A66 /* GistCommenterTests.swift */,
				7D49B0EA1EC2878000D22A66 /* Info.plist */,
			);
			path = GistCommenterTests;
			sourceTree = "<group>";
		};
		7D49B0F21EC2878000D22A66 /* GistCommenterUITests */ = {
			isa = PBXGroup;
			children = (
				7D49B0F31EC2878000D22A66 /* GistCommenterUITests.swift */,
				7D49B0F51EC2878000D22A66 /* Info.plist */,
			);
			path = GistCommenterUITests;
			sourceTree = "<group>";
		};
		7D49B1011EC287E500D22A66 /* Network */ = {
			isa = PBXGroup;
			children = (
				7D49B1081EC2895D00D22A66 /* NetworkRequest.swift */,
				7D49B10A1EC2906D00D22A66 /* AuthenticationRequest.swift */,
				7D117E3C1EC2AE4300DBDC4C /* NetworkController.swift */,
			);
			name = Network;
			sourceTree = "<group>";
		};
		7D49B1051EC288E000D22A66 /* Frameworks */ = {
			isa = PBXGroup;
			children = (
				7D52094D1EC33D7B00637685 /* AVFoundation.framework */,
				7D49B1061EC288E000D22A66 /* MobileCoreServices.framework */,
			);
			name = Frameworks;
			sourceTree = "<group>";
		};
/* End PBXGroup section */

/* Begin PBXNativeTarget section */
		7D49B0CC1EC2877F00D22A66 /* GistCommenter */ = {
			isa = PBXNativeTarget;
			buildConfigurationList = 7D49B0F81EC2878000D22A66 /* Build configuration list for PBXNativeTarget "GistCommenter" */;
			buildPhases = (
				7D49B0C91EC2877F00D22A66 /* Sources */,
				7D49B0CA1EC2877F00D22A66 /* Frameworks */,
				7D49B0CB1EC2877F00D22A66 /* Resources */,
			);
			buildRules = (
			);
			dependencies = (
			);
			name = GistCommenter;
			productName = GistCommenter;
			productReference = 7D49B0CD1EC2877F00D22A66 /* GistCommenter.app */;
			productType = "com.apple.product-type.application";
		};
		7D49B0E31EC2878000D22A66 /* GistCommenterTests */ = {
			isa = PBXNativeTarget;
			buildConfigurationList = 7D49B0FB1EC2878000D22A66 /* Build configuration list for PBXNativeTarget "GistCommenterTests" */;
			buildPhases = (
				7D49B0E01EC2878000D22A66 /* Sources */,
				7D49B0E11EC2878000D22A66 /* Frameworks */,
				7D49B0E21EC2878000D22A66 /* Resources */,
			);
			buildRules = (
			);
			dependencies = (
				7D49B0E61EC2878000D22A66 /* PBXTargetDependency */,
			);
			name = GistCommenterTests;
			productName = GistCommenterTests;
			productReference = 7D49B0E41EC2878000D22A66 /* GistCommenterTests.xctest */;
			productType = "com.apple.product-type.bundle.unit-test";
		};
		7D49B0EE1EC2878000D22A66 /* GistCommenterUITests */ = {
			isa = PBXNativeTarget;
			buildConfigurationList = 7D49B0FE1EC2878000D22A66 /* Build configuration list for PBXNativeTarget "GistCommenterUITests" */;
			buildPhases = (
				7D49B0EB1EC2878000D22A66 /* Sources */,
				7D49B0EC1EC2878000D22A66 /* Frameworks */,
				7D49B0ED1EC2878000D22A66 /* Resources */,
			);
			buildRules = (
			);
			dependencies = (
				7D49B0F11EC2878000D22A66 /* PBXTargetDependency */,
			);
			name = GistCommenterUITests;
			productName = GistCommenterUITests;
			productReference = 7D49B0EF1EC2878000D22A66 /* GistCommenterUITests.xctest */;
			productType = "com.apple.product-type.bundle.ui-testing";
		};
/* End PBXNativeTarget section */

/* Begin PBXProject section */
		7D49B0C51EC2877F00D22A66 /* Project object */ = {
			isa = PBXProject;
			attributes = {
				LastSwiftUpdateCheck = 0830;
				LastUpgradeCheck = 0830;
				ORGANIZATIONNAME = "Eduardo Thiesen";
				TargetAttributes = {
					7D49B0CC1EC2877F00D22A66 = {
						CreatedOnToolsVersion = 8.3.2;
						DevelopmentTeam = BV2VZRHZBG;
						ProvisioningStyle = Automatic;
						SystemCapabilities = {
							com.apple.Keychain = {
								enabled = 1;
							};
						};
					};
					7D49B0E31EC2878000D22A66 = {
						CreatedOnToolsVersion = 8.3.2;
						DevelopmentTeam = BV2VZRHZBG;
						ProvisioningStyle = Automatic;
						TestTargetID = 7D49B0CC1EC2877F00D22A66;
					};
					7D49B0EE1EC2878000D22A66 = {
						CreatedOnToolsVersion = 8.3.2;
						DevelopmentTeam = BV2VZRHZBG;
						ProvisioningStyle = Automatic;
						TestTargetID = 7D49B0CC1EC2877F00D22A66;
					};
				};
			};
			buildConfigurationList = 7D49B0C81EC2877F00D22A66 /* Build configuration list for PBXProject "GistCommenter" */;
			compatibilityVersion = "Xcode 3.2";
			developmentRegion = English;
			hasScannedForEncodings = 0;
			knownRegions = (
				en,
				Base,
			);
			mainGroup = 7D49B0C41EC2877F00D22A66;
			productRefGroup = 7D49B0CE1EC2877F00D22A66 /* Products */;
			projectDirPath = "";
			projectRoot = "";
			targets = (
				7D49B0CC1EC2877F00D22A66 /* GistCommenter */,
				7D49B0E31EC2878000D22A66 /* GistCommenterTests */,
				7D49B0EE1EC2878000D22A66 /* GistCommenterUITests */,
			);
		};
/* End PBXProject section */

/* Begin PBXResourcesBuildPhase section */
		7D49B0CB1EC2877F00D22A66 /* Resources */ = {
			isa = PBXResourcesBuildPhase;
			buildActionMask = 2147483647;
			files = (
				7D49B0DE1EC2878000D22A66 /* LaunchScreen.storyboard in Resources */,
				7D49B0DB1EC2878000D22A66 /* Assets.xcassets in Resources */,
				7D49B0D61EC2877F00D22A66 /* Main.storyboard in Resources */,
				7D117E3A1EC2A3C400DBDC4C /* COLLEGIA.otf in Resources */,
				7D117E3B1EC2A3C400DBDC4C /* COLLEGIA.ttf in Resources */,
			);
			runOnlyForDeploymentPostprocessing = 0;
		};
		7D49B0E21EC2878000D22A66 /* Resources */ = {
			isa = PBXResourcesBuildPhase;
			buildActionMask = 2147483647;
			files = (
			);
			runOnlyForDeploymentPostprocessing = 0;
		};
		7D49B0ED1EC2878000D22A66 /* Resources */ = {
			isa = PBXResourcesBuildPhase;
			buildActionMask = 2147483647;
			files = (
			);
			runOnlyForDeploymentPostprocessing = 0;
		};
/* End PBXResourcesBuildPhase section */

/* Begin PBXSourcesBuildPhase section */
		7D49B0C91EC2877F00D22A66 /* Sources */ = {
			isa = PBXSourcesBuildPhase;
			buildActionMask = 2147483647;
			files = (
				7D117E3D1EC2AE4300DBDC4C /* NetworkController.swift in Sources */,
				7D117E351EC2995C00DBDC4C /* LoginViewController.swift in Sources */,
				7D117E341EC2995C00DBDC4C /* BeginViewController.swift in Sources */,
				7D49B0D91EC2878000D22A66 /* GistCommenter.xcdatamodeld in Sources */,
				7D49B0D31EC2877F00D22A66 /* ViewController.swift in Sources */,
				7D117E2E1EC2968400DBDC4C /* CustomTextField.swift in Sources */,
				7D3271801EC33B1D00DC373B /* Alert.swift in Sources */,
				7D49B1091EC2895D00D22A66 /* NetworkRequest.swift in Sources */,
				7D117E331EC2995C00DBDC4C /* WelcomeTutorialViewController.swift in Sources */,
				7D49B0D11EC2877F00D22A66 /* AppDelegate.swift in Sources */,
				7D32717C1EC3366900DC373B /* KeychainWrapper.swift in Sources */,
				7D49B10B1EC2906D00D22A66 /* AuthenticationRequest.swift in Sources */,
				7D32717B1EC3366900DC373B /* KeychainItemAccessibility.swift in Sources */,
			);
			runOnlyForDeploymentPostprocessing = 0;
		};
		7D49B0E01EC2878000D22A66 /* Sources */ = {
			isa = PBXSourcesBuildPhase;
			buildActionMask = 2147483647;
			files = (
				7D49B0E91EC2878000D22A66 /* GistCommenterTests.swift in Sources */,
			);
			runOnlyForDeploymentPostprocessing = 0;
		};
		7D49B0EB1EC2878000D22A66 /* Sources */ = {
			isa = PBXSourcesBuildPhase;
			buildActionMask = 2147483647;
			files = (
				7D49B0F41EC2878000D22A66 /* GistCommenterUITests.swift in Sources */,
			);
			runOnlyForDeploymentPostprocessing = 0;
		};
/* End PBXSourcesBuildPhase section */

/* Begin PBXTargetDependency section */
		7D49B0E61EC2878000D22A66 /* PBXTargetDependency */ = {
			isa = PBXTargetDependency;
			target = 7D49B0CC1EC2877F00D22A66 /* GistCommenter */;
			targetProxy = 7D49B0E51EC2878000D22A66 /* PBXContainerItemProxy */;
		};
		7D49B0F11EC2878000D22A66 /* PBXTargetDependency */ = {
			isa = PBXTargetDependency;
			target = 7D49B0CC1EC2877F00D22A66 /* GistCommenter */;
			targetProxy = 7D49B0F01EC2878000D22A66 /* PBXContainerItemProxy */;
		};
/* End PBXTargetDependency section */

/* Begin PBXVariantGroup section */
		7D49B0D41EC2877F00D22A66 /* Main.storyboard */ = {
			isa = PBXVariantGroup;
			children = (
				7D49B0D51EC2877F00D22A66 /* Base */,
			);
			name = Main.storyboard;
			sourceTree = "<group>";
		};
		7D49B0DC1EC2878000D22A66 /* LaunchScreen.storyboard */ = {
			isa = PBXVariantGroup;
			children = (
				7D49B0DD1EC2878000D22A66 /* Base */,
			);
			name = LaunchScreen.storyboard;
			sourceTree = "<group>";
		};
/* End PBXVariantGroup section */

/* Begin XCBuildConfiguration section */
		7D49B0F61EC2878000D22A66 /* Debug */ = {
			isa = XCBuildConfiguration;
			buildSettings = {
				ALWAYS_SEARCH_USER_PATHS = NO;
				CLANG_ANALYZER_NONNULL = YES;
				CLANG_ANALYZER_NUMBER_OBJECT_CONVERSION = YES_AGGRESSIVE;
				CLANG_CXX_LANGUAGE_STANDARD = "gnu++0x";
				CLANG_CXX_LIBRARY = "libc++";
				CLANG_ENABLE_MODULES = YES;
				CLANG_ENABLE_OBJC_ARC = YES;
				CLANG_WARN_BOOL_CONVERSION = YES;
				CLANG_WARN_CONSTANT_CONVERSION = YES;
				CLANG_WARN_DIRECT_OBJC_ISA_USAGE = YES_ERROR;
				CLANG_WARN_DOCUMENTATION_COMMENTS = YES;
				CLANG_WARN_EMPTY_BODY = YES;
				CLANG_WARN_ENUM_CONVERSION = YES;
				CLANG_WARN_INFINITE_RECURSION = YES;
				CLANG_WARN_INT_CONVERSION = YES;
				CLANG_WARN_OBJC_ROOT_CLASS = YES_ERROR;
				CLANG_WARN_SUSPICIOUS_MOVE = YES;
				CLANG_WARN_UNREACHABLE_CODE = YES;
				CLANG_WARN__DUPLICATE_METHOD_MATCH = YES;
				"CODE_SIGN_IDENTITY[sdk=iphoneos*]" = "iPhone Developer";
				COPY_PHASE_STRIP = NO;
				DEBUG_INFORMATION_FORMAT = dwarf;
				ENABLE_STRICT_OBJC_MSGSEND = YES;
				ENABLE_TESTABILITY = YES;
				GCC_C_LANGUAGE_STANDARD = gnu99;
				GCC_DYNAMIC_NO_PIC = NO;
				GCC_NO_COMMON_BLOCKS = YES;
				GCC_OPTIMIZATION_LEVEL = 0;
				GCC_PREPROCESSOR_DEFINITIONS = (
					"DEBUG=1",
					"$(inherited)",
				);
				GCC_WARN_64_TO_32_BIT_CONVERSION = YES;
				GCC_WARN_ABOUT_RETURN_TYPE = YES_ERROR;
				GCC_WARN_UNDECLARED_SELECTOR = YES;
				GCC_WARN_UNINITIALIZED_AUTOS = YES_AGGRESSIVE;
				GCC_WARN_UNUSED_FUNCTION = YES;
				GCC_WARN_UNUSED_VARIABLE = YES;
				IPHONEOS_DEPLOYMENT_TARGET = 9.0;
				MTL_ENABLE_DEBUG_INFO = YES;
				ONLY_ACTIVE_ARCH = YES;
				SDKROOT = iphoneos;
				SWIFT_ACTIVE_COMPILATION_CONDITIONS = DEBUG;
				SWIFT_OPTIMIZATION_LEVEL = "-Onone";
			};
			name = Debug;
		};
		7D49B0F71EC2878000D22A66 /* Release */ = {
			isa = XCBuildConfiguration;
			buildSettings = {
				ALWAYS_SEARCH_USER_PATHS = NO;
				CLANG_ANALYZER_NONNULL = YES;
				CLANG_ANALYZER_NUMBER_OBJECT_CONVERSION = YES_AGGRESSIVE;
				CLANG_CXX_LANGUAGE_STANDARD = "gnu++0x";
				CLANG_CXX_LIBRARY = "libc++";
				CLANG_ENABLE_MODULES = YES;
				CLANG_ENABLE_OBJC_ARC = YES;
				CLANG_WARN_BOOL_CONVERSION = YES;
				CLANG_WARN_CONSTANT_CONVERSION = YES;
				CLANG_WARN_DIRECT_OBJC_ISA_USAGE = YES_ERROR;
				CLANG_WARN_DOCUMENTATION_COMMENTS = YES;
				CLANG_WARN_EMPTY_BODY = YES;
				CLANG_WARN_ENUM_CONVERSION = YES;
				CLANG_WARN_INFINITE_RECURSION = YES;
				CLANG_WARN_INT_CONVERSION = YES;
				CLANG_WARN_OBJC_ROOT_CLASS = YES_ERROR;
				CLANG_WARN_SUSPICIOUS_MOVE = YES;
				CLANG_WARN_UNREACHABLE_CODE = YES;
				CLANG_WARN__DUPLICATE_METHOD_MATCH = YES;
				"CODE_SIGN_IDENTITY[sdk=iphoneos*]" = "iPhone Developer";
				COPY_PHASE_STRIP = NO;
				DEBUG_INFORMATION_FORMAT = "dwarf-with-dsym";
				ENABLE_NS_ASSERTIONS = NO;
				ENABLE_STRICT_OBJC_MSGSEND = YES;
				GCC_C_LANGUAGE_STANDARD = gnu99;
				GCC_NO_COMMON_BLOCKS = YES;
				GCC_WARN_64_TO_32_BIT_CONVERSION = YES;
				GCC_WARN_ABOUT_RETURN_TYPE = YES_ERROR;
				GCC_WARN_UNDECLARED_SELECTOR = YES;
				GCC_WARN_UNINITIALIZED_AUTOS = YES_AGGRESSIVE;
				GCC_WARN_UNUSED_FUNCTION = YES;
				GCC_WARN_UNUSED_VARIABLE = YES;
				IPHONEOS_DEPLOYMENT_TARGET = 9.0;
				MTL_ENABLE_DEBUG_INFO = NO;
				SDKROOT = iphoneos;
				SWIFT_OPTIMIZATION_LEVEL = "-Owholemodule";
				VALIDATE_PRODUCT = YES;
			};
			name = Release;
		};
		7D49B0F91EC2878000D22A66 /* Debug */ = {
			isa = XCBuildConfiguration;
			buildSettings = {
				ASSETCATALOG_COMPILER_APPICON_NAME = AppIcon;
				CODE_SIGN_ENTITLEMENTS = GistCommenter/GistCommenter.entitlements;
				DEVELOPMENT_TEAM = BV2VZRHZBG;
				INFOPLIST_FILE = GistCommenter/Info.plist;
				LD_RUNPATH_SEARCH_PATHS = "$(inherited) @executable_path/Frameworks";
				PRODUCT_BUNDLE_IDENTIFIER = com.thiesen.GistCommenter;
				PRODUCT_NAME = "$(TARGET_NAME)";
				SWIFT_VERSION = 3.0;
			};
			name = Debug;
		};
		7D49B0FA1EC2878000D22A66 /* Release */ = {
			isa = XCBuildConfiguration;
			buildSettings = {
				ASSETCATALOG_COMPILER_APPICON_NAME = AppIcon;
				CODE_SIGN_ENTITLEMENTS = GistCommenter/GistCommenter.entitlements;
				DEVELOPMENT_TEAM = BV2VZRHZBG;
				INFOPLIST_FILE = GistCommenter/Info.plist;
				LD_RUNPATH_SEARCH_PATHS = "$(inherited) @executable_path/Frameworks";
				PRODUCT_BUNDLE_IDENTIFIER = com.thiesen.GistCommenter;
				PRODUCT_NAME = "$(TARGET_NAME)";
				SWIFT_VERSION = 3.0;
			};
			name = Release;
		};
		7D49B0FC1EC2878000D22A66 /* Debug */ = {
			isa = XCBuildConfiguration;
			buildSettings = {
				ALWAYS_EMBED_SWIFT_STANDARD_LIBRARIES = YES;
				BUNDLE_LOADER = "$(TEST_HOST)";
				DEVELOPMENT_TEAM = BV2VZRHZBG;
				INFOPLIST_FILE = GistCommenterTests/Info.plist;
				LD_RUNPATH_SEARCH_PATHS = "$(inherited) @executable_path/Frameworks @loader_path/Frameworks";
				PRODUCT_BUNDLE_IDENTIFIER = com.thiesen.GistCommenterTests;
				PRODUCT_NAME = "$(TARGET_NAME)";
				SWIFT_VERSION = 3.0;
				TEST_HOST = "$(BUILT_PRODUCTS_DIR)/GistCommenter.app/GistCommenter";
			};
			name = Debug;
		};
		7D49B0FD1EC2878000D22A66 /* Release */ = {
			isa = XCBuildConfiguration;
			buildSettings = {
				ALWAYS_EMBED_SWIFT_STANDARD_LIBRARIES = YES;
				BUNDLE_LOADER = "$(TEST_HOST)";
				DEVELOPMENT_TEAM = BV2VZRHZBG;
				INFOPLIST_FILE = GistCommenterTests/Info.plist;
				LD_RUNPATH_SEARCH_PATHS = "$(inherited) @executable_path/Frameworks @loader_path/Frameworks";
				PRODUCT_BUNDLE_IDENTIFIER = com.thiesen.GistCommenterTests;
				PRODUCT_NAME = "$(TARGET_NAME)";
				SWIFT_VERSION = 3.0;
				TEST_HOST = "$(BUILT_PRODUCTS_DIR)/GistCommenter.app/GistCommenter";
			};
			name = Release;
		};
		7D49B0FF1EC2878000D22A66 /* Debug */ = {
			isa = XCBuildConfiguration;
			buildSettings = {
				ALWAYS_EMBED_SWIFT_STANDARD_LIBRARIES = YES;
				DEVELOPMENT_TEAM = BV2VZRHZBG;
				INFOPLIST_FILE = GistCommenterUITests/Info.plist;
				LD_RUNPATH_SEARCH_PATHS = "$(inherited) @executable_path/Frameworks @loader_path/Frameworks";
				PRODUCT_BUNDLE_IDENTIFIER = com.thiesen.GistCommenterUITests;
				PRODUCT_NAME = "$(TARGET_NAME)";
				SWIFT_VERSION = 3.0;
				TEST_TARGET_NAME = GistCommenter;
			};
			name = Debug;
		};
		7D49B1001EC2878000D22A66 /* Release */ = {
			isa = XCBuildConfiguration;
			buildSettings = {
				ALWAYS_EMBED_SWIFT_STANDARD_LIBRARIES = YES;
				DEVELOPMENT_TEAM = BV2VZRHZBG;
				INFOPLIST_FILE = GistCommenterUITests/Info.plist;
				LD_RUNPATH_SEARCH_PATHS = "$(inherited) @executable_path/Frameworks @loader_path/Frameworks";
				PRODUCT_BUNDLE_IDENTIFIER = com.thiesen.GistCommenterUITests;
				PRODUCT_NAME = "$(TARGET_NAME)";
				SWIFT_VERSION = 3.0;
				TEST_TARGET_NAME = GistCommenter;
			};
			name = Release;
		};
/* End XCBuildConfiguration section */

/* Begin XCConfigurationList section */
		7D49B0C81EC2877F00D22A66 /* Build configuration list for PBXProject "GistCommenter" */ = {
			isa = XCConfigurationList;
			buildConfigurations = (
				7D49B0F61EC2878000D22A66 /* Debug */,
				7D49B0F71EC2878000D22A66 /* Release */,
			);
			defaultConfigurationIsVisible = 0;
			defaultConfigurationName = Release;
		};
		7D49B0F81EC2878000D22A66 /* Build configuration list for PBXNativeTarget "GistCommenter" */ = {
			isa = XCConfigurationList;
			buildConfigurations = (
				7D49B0F91EC2878000D22A66 /* Debug */,
				7D49B0FA1EC2878000D22A66 /* Release */,
			);
			defaultConfigurationIsVisible = 0;
			defaultConfigurationName = Release;
		};
		7D49B0FB1EC2878000D22A66 /* Build configuration list for PBXNativeTarget "GistCommenterTests" */ = {
			isa = XCConfigurationList;
			buildConfigurations = (
				7D49B0FC1EC2878000D22A66 /* Debug */,
				7D49B0FD1EC2878000D22A66 /* Release */,
			);
			defaultConfigurationIsVisible = 0;
			defaultConfigurationName = Release;
		};
		7D49B0FE1EC2878000D22A66 /* Build configuration list for PBXNativeTarget "GistCommenterUITests" */ = {
			isa = XCConfigurationList;
			buildConfigurations = (
				7D49B0FF1EC2878000D22A66 /* Debug */,
				7D49B1001EC2878000D22A66 /* Release */,
			);
			defaultConfigurationIsVisible = 0;
			defaultConfigurationName = Release;
		};
/* End XCConfigurationList section */

/* Begin XCVersionGroup section */
		7D49B0D71EC2878000D22A66 /* GistCommenter.xcdatamodeld */ = {
			isa = XCVersionGroup;
			children = (
				7D49B0D81EC2878000D22A66 /* GistCommenter.xcdatamodel */,
			);
			currentVersion = 7D49B0D81EC2878000D22A66 /* GistCommenter.xcdatamodel */;
			path = GistCommenter.xcdatamodeld;
			sourceTree = "<group>";
			versionGroupType = wrapper.xcdatamodel;
		};
/* End XCVersionGroup section */
	};
	rootObject = 7D49B0C51EC2877F00D22A66 /* Project object */;
}
